
Microsoft Visual Studio Solution File, Format Version 12.00
# Visual Studio Version 17
VisualStudioVersion = 17.14.37111.16 d17.14
MinimumVisualStudioVersion = 10.0.40219.1
Project("{FAE04EC0-301F-11D3-BF4B-00C04F79EFBC}") = "PatientAPI", "PatientAPI\PatientAPI.csproj", "{9347CE98-3B59-4678-A791-B5B8A04E3FAF}"
EndProject
Global
	GlobalSection(SolutionConfigurationPlatforms) = preSolution
		Debug|Any CPU = Debug|Any CPU
		Release|Any CPU = Release|Any CPU
	EndGlobalSection
	GlobalSection(ProjectConfigurationPlatforms) = postSolution
		{9347CE98-3B59-4678-A791-B5B8A04E3FAF}.Debug|Any CPU.ActiveCfg = Debug|Any CPU
		{9347CE98-3B59-4678-A791-B5B8A04E3FAF}.Debug|Any CPU.Build.0 = Debug|Any CPU
		{9347CE98-3B59-4678-A791-B5B8A04E3FAF}.Release|Any CPU.ActiveCfg = Release|Any CPU
		{9347CE98-3B59-4678-A791-B5B8A04E3FAF}.Release|Any CPU.Build.0 = Release|Any CPU
	EndGlobalSection
	GlobalSection(SolutionProperties) = preSolution
		HideSolutionNode = FALSE
	EndGlobalSection
	GlobalSection(ExtensibilityGlobals) = postSolution
		SolutionGuid = {EE84B0C3-B7D7-41DC-9F3D-A7C9BA1324D6}
	EndGlobalSection
EndGlobal
